
Microsoft Visual Studio Solution File, Format Version 12.00
# Visual Studio 2013
VisualStudioVersion = 12.0.30110.0
MinimumVisualStudioVersion = 10.0.40219.1
Project("{FAE04EC0-301F-11D3-BF4B-00C04F79EFBC}") = "AzureNetQ", "AzureNetQ\AzureNetQ.csproj", "{B8DEF709-5168-48F1-B8D3-AD44E4A4A22B}"
EndProject
Project("{FAE04EC0-301F-11D3-BF4B-00C04F79EFBC}") = "AzureNetQ.Tests", "AzureNetQ.Tests\AzureNetQ.Tests.csproj", "{640DEC15-3A17-4E85-B38A-CFB379426DC2}"
EndProject
Project("{FAE04EC0-301F-11D3-BF4B-00C04F79EFBC}") = "AzureNetQ.Tests.SimpleService", "AzureNetQ.Tests.SimpleService\AzureNetQ.Tests.SimpleService.csproj", "{D5166633-83A2-48FA-B534-C2EC9D9DE9C3}"
EndProject
Project("{FAE04EC0-301F-11D3-BF4B-00C04F79EFBC}") = "AzureNetQ.Tests.Messages", "AzureNetQ.Tests.Messages\AzureNetQ.Tests.Messages.csproj", "{E7AF3836-8354-4CDE-A9E7-352569B65B1E}"
EndProject
Project("{FAE04EC0-301F-11D3-BF4B-00C04F79EFBC}") = "AzureNetQ.Scheduler", "AzureNetQ.Scheduler\AzureNetQ.Scheduler.csproj", "{03B93AAD-6CAB-4726-826E-B05684AEC1B9}"
EndProject
Project("{FAE04EC0-301F-11D3-BF4B-00C04F79EFBC}") = "AzureNetQ.Scheduler.Tests", "AzureNetQ.Scheduler.Tests\AzureNetQ.Scheduler.Tests.csproj", "{530A771C-B12E-48E4-AE10-11B8F6537F4F}"
EndProject
Project("{FAE04EC0-301F-11D3-BF4B-00C04F79EFBC}") = "AzureNetQ.LogReader", "AzureNetQ.LogReader\AzureNetQ.LogReader.csproj", "{AA7F9D04-085B-4B71-8541-B838F5CAF9F2}"
EndProject
Project("{FAE04EC0-301F-11D3-BF4B-00C04F79EFBC}") = "AzureNetQ.Tests.Performance.Producer", "AzureNetQ.Tests.Performance.Producer\AzureNetQ.Tests.Performance.Producer.csproj", "{1E9ED1F5-024D-4BE7-A6F7-52942D268536}"
EndProject
Project("{FAE04EC0-301F-11D3-BF4B-00C04F79EFBC}") = "AzureNetQ.Tests.Performance.Consumer", "AzureNetQ.Tests.Performance.Consumer\AzureNetQ.Tests.Performance.Consumer.csproj", "{F0B51B7C-F17F-41FE-9E14-7727AD697C97}"
EndProject
Project("{FAE04EC0-301F-11D3-BF4B-00C04F79EFBC}") = "AzureNetQ.Tests.SimpleRequester", "AzureNetQ.Tests.SimpleRequester\AzureNetQ.Tests.SimpleRequester.csproj", "{5EDAA7BF-CD00-440C-9697-D24F7B37CFFA}"
EndProject
Project("{FAE04EC0-301F-11D3-BF4B-00C04F79EFBC}") = "AzureNetQ.Trace", "AzureNetQ.Trace\AzureNetQ.Trace.csproj", "{11DF08A9-3D14-44CC-A65E-5933121D3D63}"
EndProject
Global
	GlobalSection(SolutionConfigurationPlatforms) = preSolution
		Debug|Any CPU = Debug|Any CPU
		Debug|Mixed Platforms = Debug|Mixed Platforms
		Debug|x86 = Debug|x86
		Release|Any CPU = Release|Any CPU
		Release|Mixed Platforms = Release|Mixed Platforms
		Release|x86 = Release|x86
	EndGlobalSection
	GlobalSection(ProjectConfigurationPlatforms) = postSolution
		{B8DEF709-5168-48F1-B8D3-AD44E4A4A22B}.Debug|Any CPU.ActiveCfg = Debug|Any CPU
		{B8DEF709-5168-48F1-B8D3-AD44E4A4A22B}.Debug|Any CPU.Build.0 = Debug|Any CPU
		{B8DEF709-5168-48F1-B8D3-AD44E4A4A22B}.Debug|Mixed Platforms.ActiveCfg = Debug|Any CPU
		{B8DEF709-5168-48F1-B8D3-AD44E4A4A22B}.Debug|Mixed Platforms.Build.0 = Debug|Any CPU
		{B8DEF709-5168-48F1-B8D3-AD44E4A4A22B}.Debug|x86.ActiveCfg = Debug|Any CPU
		{B8DEF709-5168-48F1-B8D3-AD44E4A4A22B}.Release|Any CPU.ActiveCfg = Release|Any CPU
		{B8DEF709-5168-48F1-B8D3-AD44E4A4A22B}.Release|Any CPU.Build.0 = Release|Any CPU
		{B8DEF709-5168-48F1-B8D3-AD44E4A4A22B}.Release|Mixed Platforms.ActiveCfg = Release|Any CPU
		{B8DEF709-5168-48F1-B8D3-AD44E4A4A22B}.Release|Mixed Platforms.Build.0 = Release|Any CPU
		{B8DEF709-5168-48F1-B8D3-AD44E4A4A22B}.Release|x86.ActiveCfg = Release|Any CPU
		{640DEC15-3A17-4E85-B38A-CFB379426DC2}.Debug|Any CPU.ActiveCfg = Debug|Any CPU
		{640DEC15-3A17-4E85-B38A-CFB379426DC2}.Debug|Any CPU.Build.0 = Debug|Any CPU
		{640DEC15-3A17-4E85-B38A-CFB379426DC2}.Debug|Mixed Platforms.ActiveCfg = Debug|Any CPU
		{640DEC15-3A17-4E85-B38A-CFB379426DC2}.Debug|Mixed Platforms.Build.0 = Debug|Any CPU
		{640DEC15-3A17-4E85-B38A-CFB379426DC2}.Debug|x86.ActiveCfg = Debug|Any CPU
		{640DEC15-3A17-4E85-B38A-CFB379426DC2}.Release|Any CPU.ActiveCfg = Release|Any CPU
		{640DEC15-3A17-4E85-B38A-CFB379426DC2}.Release|Any CPU.Build.0 = Release|Any CPU
		{640DEC15-3A17-4E85-B38A-CFB379426DC2}.Release|Mixed Platforms.ActiveCfg = Release|Any CPU
		{640DEC15-3A17-4E85-B38A-CFB379426DC2}.Release|Mixed Platforms.Build.0 = Release|Any CPU
		{640DEC15-3A17-4E85-B38A-CFB379426DC2}.Release|x86.ActiveCfg = Release|Any CPU
		{D5166633-83A2-48FA-B534-C2EC9D9DE9C3}.Debug|Any CPU.ActiveCfg = Debug|Any CPU
		{D5166633-83A2-48FA-B534-C2EC9D9DE9C3}.Debug|Any CPU.Build.0 = Debug|Any CPU
		{D5166633-83A2-48FA-B534-C2EC9D9DE9C3}.Debug|Mixed Platforms.ActiveCfg = Debug|Any CPU
		{D5166633-83A2-48FA-B534-C2EC9D9DE9C3}.Debug|Mixed Platforms.Build.0 = Debug|Any CPU
		{D5166633-83A2-48FA-B534-C2EC9D9DE9C3}.Debug|x86.ActiveCfg = Debug|Any CPU
		{D5166633-83A2-48FA-B534-C2EC9D9DE9C3}.Release|Any CPU.ActiveCfg = Release|Any CPU
		{D5166633-83A2-48FA-B534-C2EC9D9DE9C3}.Release|Any CPU.Build.0 = Release|Any CPU
		{D5166633-83A2-48FA-B534-C2EC9D9DE9C3}.Release|Mixed Platforms.ActiveCfg = Release|Any CPU
		{D5166633-83A2-48FA-B534-C2EC9D9DE9C3}.Release|Mixed Platforms.Build.0 = Release|Any CPU
		{D5166633-83A2-48FA-B534-C2EC9D9DE9C3}.Release|x86.ActiveCfg = Release|Any CPU
		{E7AF3836-8354-4CDE-A9E7-352569B65B1E}.Debug|Any CPU.ActiveCfg = Debug|Any CPU
		{E7AF3836-8354-4CDE-A9E7-352569B65B1E}.Debug|Any CPU.Build.0 = Debug|Any CPU
		{E7AF3836-8354-4CDE-A9E7-352569B65B1E}.Debug|Mixed Platforms.ActiveCfg = Debug|Any CPU
		{E7AF3836-8354-4CDE-A9E7-352569B65B1E}.Debug|Mixed Platforms.Build.0 = Debug|Any CPU
		{E7AF3836-8354-4CDE-A9E7-352569B65B1E}.Debug|x86.ActiveCfg = Debug|Any CPU
		{E7AF3836-8354-4CDE-A9E7-352569B65B1E}.Release|Any CPU.ActiveCfg = Release|Any CPU
		{E7AF3836-8354-4CDE-A9E7-352569B65B1E}.Release|Any CPU.Build.0 = Release|Any CPU
		{E7AF3836-8354-4CDE-A9E7-352569B65B1E}.Release|Mixed Platforms.ActiveCfg = Release|Any CPU
		{E7AF3836-8354-4CDE-A9E7-352569B65B1E}.Release|Mixed Platforms.Build.0 = Release|Any CPU
		{E7AF3836-8354-4CDE-A9E7-352569B65B1E}.Release|x86.ActiveCfg = Release|Any CPU
		{03B93AAD-6CAB-4726-826E-B05684AEC1B9}.Debug|Any CPU.ActiveCfg = Debug|Any CPU
		{03B93AAD-6CAB-4726-826E-B05684AEC1B9}.Debug|Any CPU.Build.0 = Debug|Any CPU
		{03B93AAD-6CAB-4726-826E-B05684AEC1B9}.Debug|Mixed Platforms.ActiveCfg = Debug|Any CPU
		{03B93AAD-6CAB-4726-826E-B05684AEC1B9}.Debug|Mixed Platforms.Build.0 = Debug|Any CPU
		{03B93AAD-6CAB-4726-826E-B05684AEC1B9}.Debug|x86.ActiveCfg = Debug|Any CPU
		{03B93AAD-6CAB-4726-826E-B05684AEC1B9}.Release|Any CPU.ActiveCfg = Release|Any CPU
		{03B93AAD-6CAB-4726-826E-B05684AEC1B9}.Release|Any CPU.Build.0 = Release|Any CPU
		{03B93AAD-6CAB-4726-826E-B05684AEC1B9}.Release|Mixed Platforms.ActiveCfg = Release|Any CPU
		{03B93AAD-6CAB-4726-826E-B05684AEC1B9}.Release|Mixed Platforms.Build.0 = Release|Any CPU
		{03B93AAD-6CAB-4726-826E-B05684AEC1B9}.Release|x86.ActiveCfg = Release|Any CPU
		{530A771C-B12E-48E4-AE10-11B8F6537F4F}.Debug|Any CPU.ActiveCfg = Debug|Any CPU
		{530A771C-B12E-48E4-AE10-11B8F6537F4F}.Debug|Any CPU.Build.0 = Debug|Any CPU
		{530A771C-B12E-48E4-AE10-11B8F6537F4F}.Debug|Mixed Platforms.ActiveCfg = Debug|Any CPU
		{530A771C-B12E-48E4-AE10-11B8F6537F4F}.Debug|Mixed Platforms.Build.0 = Debug|Any CPU
		{530A771C-B12E-48E4-AE10-11B8F6537F4F}.Debug|x86.ActiveCfg = Debug|Any CPU
		{530A771C-B12E-48E4-AE10-11B8F6537F4F}.Release|Any CPU.ActiveCfg = Release|Any CPU
		{530A771C-B12E-48E4-AE10-11B8F6537F4F}.Release|Any CPU.Build.0 = Release|Any CPU
		{530A771C-B12E-48E4-AE10-11B8F6537F4F}.Release|Mixed Platforms.ActiveCfg = Release|Any CPU
		{530A771C-B12E-48E4-AE10-11B8F6537F4F}.Release|Mixed Platforms.Build.0 = Release|Any CPU
		{530A771C-B12E-48E4-AE10-11B8F6537F4F}.Release|x86.ActiveCfg = Release|Any CPU
		{AA7F9D04-085B-4B71-8541-B838F5CAF9F2}.Debug|Any CPU.ActiveCfg = Debug|Any CPU
		{AA7F9D04-085B-4B71-8541-B838F5CAF9F2}.Debug|Any CPU.Build.0 = Debug|Any CPU
		{AA7F9D04-085B-4B71-8541-B838F5CAF9F2}.Debug|Mixed Platforms.ActiveCfg = Debug|Any CPU
		{AA7F9D04-085B-4B71-8541-B838F5CAF9F2}.Debug|Mixed Platforms.Build.0 = Debug|Any CPU
		{AA7F9D04-085B-4B71-8541-B838F5CAF9F2}.Debug|x86.ActiveCfg = Debug|Any CPU
		{AA7F9D04-085B-4B71-8541-B838F5CAF9F2}.Release|Any CPU.ActiveCfg = Release|Any CPU
		{AA7F9D04-085B-4B71-8541-B838F5CAF9F2}.Release|Any CPU.Build.0 = Release|Any CPU
		{AA7F9D04-085B-4B71-8541-B838F5CAF9F2}.Release|Mixed Platforms.ActiveCfg = Release|Any CPU
		{AA7F9D04-085B-4B71-8541-B838F5CAF9F2}.Release|Mixed Platforms.Build.0 = Release|Any CPU
		{AA7F9D04-085B-4B71-8541-B838F5CAF9F2}.Release|x86.ActiveCfg = Release|Any CPU
		{1E9ED1F5-024D-4BE7-A6F7-52942D268536}.Debug|Any CPU.ActiveCfg = Debug|Any CPU
		{1E9ED1F5-024D-4BE7-A6F7-52942D268536}.Debug|Any CPU.Build.0 = Debug|Any CPU
		{1E9ED1F5-024D-4BE7-A6F7-52942D268536}.Debug|Mixed Platforms.ActiveCfg = Debug|Any CPU
		{1E9ED1F5-024D-4BE7-A6F7-52942D268536}.Debug|Mixed Platforms.Build.0 = Debug|Any CPU
		{1E9ED1F5-024D-4BE7-A6F7-52942D268536}.Debug|x86.ActiveCfg = Debug|Any CPU
		{1E9ED1F5-024D-4BE7-A6F7-52942D268536}.Release|Any CPU.ActiveCfg = Release|Any CPU
		{1E9ED1F5-024D-4BE7-A6F7-52942D268536}.Release|Any CPU.Build.0 = Release|Any CPU
		{1E9ED1F5-024D-4BE7-A6F7-52942D268536}.Release|Mixed Platforms.ActiveCfg = Release|Any CPU
		{1E9ED1F5-024D-4BE7-A6F7-52942D268536}.Release|Mixed Platforms.Build.0 = Release|Any CPU
		{1E9ED1F5-024D-4BE7-A6F7-52942D268536}.Release|x86.ActiveCfg = Release|Any CPU
		{F0B51B7C-F17F-41FE-9E14-7727AD697C97}.Debug|Any CPU.ActiveCfg = Debug|Any CPU
		{F0B51B7C-F17F-41FE-9E14-7727AD697C97}.Debug|Any CPU.Build.0 = Debug|Any CPU
		{F0B51B7C-F17F-41FE-9E14-7727AD697C97}.Debug|Mixed Platforms.ActiveCfg = Debug|Any CPU
		{F0B51B7C-F17F-41FE-9E14-7727AD697C97}.Debug|Mixed Platforms.Build.0 = Debug|Any CPU
		{F0B51B7C-F17F-41FE-9E14-7727AD697C97}.Debug|x86.ActiveCfg = Debug|Any CPU
		{F0B51B7C-F17F-41FE-9E14-7727AD697C97}.Release|Any CPU.ActiveCfg = Release|Any CPU
		{F0B51B7C-F17F-41FE-9E14-7727AD697C97}.Release|Any CPU.Build.0 = Release|Any CPU
		{F0B51B7C-F17F-41FE-9E14-7727AD697C97}.Release|Mixed Platforms.ActiveCfg = Release|Any CPU
		{F0B51B7C-F17F-41FE-9E14-7727AD697C97}.Release|Mixed Platforms.Build.0 = Release|Any CPU
		{F0B51B7C-F17F-41FE-9E14-7727AD697C97}.Release|x86.ActiveCfg = Release|Any CPU
		{5EDAA7BF-CD00-440C-9697-D24F7B37CFFA}.Debug|Any CPU.ActiveCfg = Debug|Any CPU
		{5EDAA7BF-CD00-440C-9697-D24F7B37CFFA}.Debug|Any CPU.Build.0 = Debug|Any CPU
		{5EDAA7BF-CD00-440C-9697-D24F7B37CFFA}.Debug|Mixed Platforms.ActiveCfg = Debug|Any CPU
		{5EDAA7BF-CD00-440C-9697-D24F7B37CFFA}.Debug|Mixed Platforms.Build.0 = Debug|Any CPU
		{5EDAA7BF-CD00-440C-9697-D24F7B37CFFA}.Debug|x86.ActiveCfg = Debug|Any CPU
		{5EDAA7BF-CD00-440C-9697-D24F7B37CFFA}.Release|Any CPU.ActiveCfg = Release|Any CPU
		{5EDAA7BF-CD00-440C-9697-D24F7B37CFFA}.Release|Any CPU.Build.0 = Release|Any CPU
		{5EDAA7BF-CD00-440C-9697-D24F7B37CFFA}.Release|Mixed Platforms.ActiveCfg = Release|Any CPU
		{5EDAA7BF-CD00-440C-9697-D24F7B37CFFA}.Release|Mixed Platforms.Build.0 = Release|Any CPU
		{5EDAA7BF-CD00-440C-9697-D24F7B37CFFA}.Release|x86.ActiveCfg = Release|Any CPU
		{11DF08A9-3D14-44CC-A65E-5933121D3D63}.Debug|Any CPU.ActiveCfg = Debug|Any CPU
		{11DF08A9-3D14-44CC-A65E-5933121D3D63}.Debug|Any CPU.Build.0 = Debug|Any CPU
		{11DF08A9-3D14-44CC-A65E-5933121D3D63}.Debug|Mixed Platforms.ActiveCfg = Debug|Any CPU
		{11DF08A9-3D14-44CC-A65E-5933121D3D63}.Debug|Mixed Platforms.Build.0 = Debug|Any CPU
		{11DF08A9-3D14-44CC-A65E-5933121D3D63}.Debug|x86.ActiveCfg = Debug|Any CPU
		{11DF08A9-3D14-44CC-A65E-5933121D3D63}.Release|Any CPU.ActiveCfg = Release|Any CPU
		{11DF08A9-3D14-44CC-A65E-5933121D3D63}.Release|Any CPU.Build.0 = Release|Any CPU
		{11DF08A9-3D14-44CC-A65E-5933121D3D63}.Release|Mixed Platforms.ActiveCfg = Release|Any CPU
		{11DF08A9-3D14-44CC-A65E-5933121D3D63}.Release|Mixed Platforms.Build.0 = Release|Any CPU
		{11DF08A9-3D14-44CC-A65E-5933121D3D63}.Release|x86.ActiveCfg = Release|Any CPU
	EndGlobalSection
	GlobalSection(SolutionProperties) = preSolution
		HideSolutionNode = FALSE
	EndGlobalSection
EndGlobal
