
Microsoft Visual Studio Solution File, Format Version 12.00
# Visual Studio 2013
VisualStudioVersion = 12.0.31101.0
MinimumVisualStudioVersion = 10.0.40219.1
Project("{FAE04EC0-301F-11D3-BF4B-00C04F79EFBC}") = "AzureNetQ", "AzureNetQ\AzureNetQ.csproj", "{B8DEF709-5168-48F1-B8D3-AD44E4A4A22B}"
EndProject
Project("{FAE04EC0-301F-11D3-BF4B-00C04F79EFBC}") = "AzureNetQ.Tests.SimpleService", "AzureNetQ.Tests.SimpleService\AzureNetQ.Tests.SimpleService.csproj", "{D5166633-83A2-48FA-B534-C2EC9D9DE9C3}"
EndProject
Project("{FAE04EC0-301F-11D3-BF4B-00C04F79EFBC}") = "AzureNetQ.Tests.SimpleRequester", "AzureNetQ.Tests.SimpleRequester\AzureNetQ.Tests.SimpleRequester.csproj", "{5EDAA7BF-CD00-440C-9697-D24F7B37CFFA}"
EndProject
Project("{FAE04EC0-301F-11D3-BF4B-00C04F79EFBC}") = "AzureNetQ.Tests.Messages", "AzureNetQ.Tests.Messages\AzureNetQ.Tests.Messages.csproj", "{FD277901-413F-4064-8A38-57A3609872CB}"
EndProject
Project("{FAE04EC0-301F-11D3-BF4B-00C04F79EFBC}") = "AzureNetQ.Tests.SendReceive", "AzureNetQ.Tests.SendReceive\AzureNetQ.Tests.SendReceive.csproj", "{4818FCD2-1E75-4CEA-8B00-E5259E217BB8}"
EndProject
Project("{FAE04EC0-301F-11D3-BF4B-00C04F79EFBC}") = "AzureNetQ.Tests.PublishSubscribe", "AzureNetQ.Tests.PublishSubscribe\AzureNetQ.Tests.PublishSubscribe.csproj", "{6D68DFA2-6271-4847-96FA-631AE49D2CCA}"
EndProject
Global
	GlobalSection(SolutionConfigurationPlatforms) = preSolution
		Debug|Any CPU = Debug|Any CPU
		Debug|Mixed Platforms = Debug|Mixed Platforms
		Debug|x86 = Debug|x86
		DebugCloud|Any CPU = DebugCloud|Any CPU
		DebugCloud|Mixed Platforms = DebugCloud|Mixed Platforms
		DebugCloud|x86 = DebugCloud|x86
		Release|Any CPU = Release|Any CPU
		Release|Mixed Platforms = Release|Mixed Platforms
		Release|x86 = Release|x86
	EndGlobalSection
	GlobalSection(ProjectConfigurationPlatforms) = postSolution
		{B8DEF709-5168-48F1-B8D3-AD44E4A4A22B}.Debug|Any CPU.ActiveCfg = Debug|Any CPU
		{B8DEF709-5168-48F1-B8D3-AD44E4A4A22B}.Debug|Any CPU.Build.0 = Debug|Any CPU
		{B8DEF709-5168-48F1-B8D3-AD44E4A4A22B}.Debug|Mixed Platforms.ActiveCfg = Debug|Any CPU
		{B8DEF709-5168-48F1-B8D3-AD44E4A4A22B}.Debug|Mixed Platforms.Build.0 = Debug|Any CPU
		{B8DEF709-5168-48F1-B8D3-AD44E4A4A22B}.Debug|x86.ActiveCfg = Debug|Any CPU
		{B8DEF709-5168-48F1-B8D3-AD44E4A4A22B}.DebugCloud|Any CPU.ActiveCfg = Debug|Any CPU
		{B8DEF709-5168-48F1-B8D3-AD44E4A4A22B}.DebugCloud|Any CPU.Build.0 = Debug|Any CPU
		{B8DEF709-5168-48F1-B8D3-AD44E4A4A22B}.DebugCloud|Mixed Platforms.ActiveCfg = Debug|Any CPU
		{B8DEF709-5168-48F1-B8D3-AD44E4A4A22B}.DebugCloud|Mixed Platforms.Build.0 = Debug|Any CPU
		{B8DEF709-5168-48F1-B8D3-AD44E4A4A22B}.DebugCloud|x86.ActiveCfg = Debug|Any CPU
		{B8DEF709-5168-48F1-B8D3-AD44E4A4A22B}.Release|Any CPU.ActiveCfg = Release|Any CPU
		{B8DEF709-5168-48F1-B8D3-AD44E4A4A22B}.Release|Any CPU.Build.0 = Release|Any CPU
		{B8DEF709-5168-48F1-B8D3-AD44E4A4A22B}.Release|Mixed Platforms.ActiveCfg = Release|Any CPU
		{B8DEF709-5168-48F1-B8D3-AD44E4A4A22B}.Release|Mixed Platforms.Build.0 = Release|Any CPU
		{B8DEF709-5168-48F1-B8D3-AD44E4A4A22B}.Release|x86.ActiveCfg = Release|Any CPU
		{D5166633-83A2-48FA-B534-C2EC9D9DE9C3}.Debug|Any CPU.ActiveCfg = Debug|Any CPU
		{D5166633-83A2-48FA-B534-C2EC9D9DE9C3}.Debug|Any CPU.Build.0 = Debug|Any CPU
		{D5166633-83A2-48FA-B534-C2EC9D9DE9C3}.Debug|Mixed Platforms.ActiveCfg = Debug|Any CPU
		{D5166633-83A2-48FA-B534-C2EC9D9DE9C3}.Debug|Mixed Platforms.Build.0 = Debug|Any CPU
		{D5166633-83A2-48FA-B534-C2EC9D9DE9C3}.Debug|x86.ActiveCfg = Debug|Any CPU
		{D5166633-83A2-48FA-B534-C2EC9D9DE9C3}.DebugCloud|Any CPU.ActiveCfg = DebugCloud|Any CPU
		{D5166633-83A2-48FA-B534-C2EC9D9DE9C3}.DebugCloud|Any CPU.Build.0 = DebugCloud|Any CPU
		{D5166633-83A2-48FA-B534-C2EC9D9DE9C3}.DebugCloud|Mixed Platforms.ActiveCfg = Debug|Any CPU
		{D5166633-83A2-48FA-B534-C2EC9D9DE9C3}.DebugCloud|Mixed Platforms.Build.0 = Debug|Any CPU
		{D5166633-83A2-48FA-B534-C2EC9D9DE9C3}.DebugCloud|x86.ActiveCfg = DebugCloud|Any CPU
		{D5166633-83A2-48FA-B534-C2EC9D9DE9C3}.Release|Any CPU.ActiveCfg = Release|Any CPU
		{D5166633-83A2-48FA-B534-C2EC9D9DE9C3}.Release|Any CPU.Build.0 = Release|Any CPU
		{D5166633-83A2-48FA-B534-C2EC9D9DE9C3}.Release|Mixed Platforms.ActiveCfg = Release|Any CPU
		{D5166633-83A2-48FA-B534-C2EC9D9DE9C3}.Release|Mixed Platforms.Build.0 = Release|Any CPU
		{D5166633-83A2-48FA-B534-C2EC9D9DE9C3}.Release|x86.ActiveCfg = Release|Any CPU
		{5EDAA7BF-CD00-440C-9697-D24F7B37CFFA}.Debug|Any CPU.ActiveCfg = Debug|Any CPU
		{5EDAA7BF-CD00-440C-9697-D24F7B37CFFA}.Debug|Any CPU.Build.0 = Debug|Any CPU
		{5EDAA7BF-CD00-440C-9697-D24F7B37CFFA}.Debug|Mixed Platforms.ActiveCfg = Debug|Any CPU
		{5EDAA7BF-CD00-440C-9697-D24F7B37CFFA}.Debug|Mixed Platforms.Build.0 = Debug|Any CPU
		{5EDAA7BF-CD00-440C-9697-D24F7B37CFFA}.Debug|x86.ActiveCfg = Debug|Any CPU
		{5EDAA7BF-CD00-440C-9697-D24F7B37CFFA}.DebugCloud|Any CPU.ActiveCfg = DebugCloud|Any CPU
		{5EDAA7BF-CD00-440C-9697-D24F7B37CFFA}.DebugCloud|Any CPU.Build.0 = DebugCloud|Any CPU
		{5EDAA7BF-CD00-440C-9697-D24F7B37CFFA}.DebugCloud|Mixed Platforms.ActiveCfg = Debug|Any CPU
		{5EDAA7BF-CD00-440C-9697-D24F7B37CFFA}.DebugCloud|Mixed Platforms.Build.0 = Debug|Any CPU
		{5EDAA7BF-CD00-440C-9697-D24F7B37CFFA}.DebugCloud|x86.ActiveCfg = DebugCloud|Any CPU
		{5EDAA7BF-CD00-440C-9697-D24F7B37CFFA}.Release|Any CPU.ActiveCfg = Release|Any CPU
		{5EDAA7BF-CD00-440C-9697-D24F7B37CFFA}.Release|Any CPU.Build.0 = Release|Any CPU
		{5EDAA7BF-CD00-440C-9697-D24F7B37CFFA}.Release|Mixed Platforms.ActiveCfg = Release|Any CPU
		{5EDAA7BF-CD00-440C-9697-D24F7B37CFFA}.Release|Mixed Platforms.Build.0 = Release|Any CPU
		{5EDAA7BF-CD00-440C-9697-D24F7B37CFFA}.Release|x86.ActiveCfg = Release|Any CPU
		{FD277901-413F-4064-8A38-57A3609872CB}.Debug|Any CPU.ActiveCfg = Debug|Any CPU
		{FD277901-413F-4064-8A38-57A3609872CB}.Debug|Any CPU.Build.0 = Debug|Any CPU
		{FD277901-413F-4064-8A38-57A3609872CB}.Debug|Mixed Platforms.ActiveCfg = Debug|Any CPU
		{FD277901-413F-4064-8A38-57A3609872CB}.Debug|Mixed Platforms.Build.0 = Debug|Any CPU
		{FD277901-413F-4064-8A38-57A3609872CB}.Debug|x86.ActiveCfg = Debug|Any CPU
		{FD277901-413F-4064-8A38-57A3609872CB}.DebugCloud|Any CPU.ActiveCfg = DebugCloud|Any CPU
		{FD277901-413F-4064-8A38-57A3609872CB}.DebugCloud|Any CPU.Build.0 = DebugCloud|Any CPU
		{FD277901-413F-4064-8A38-57A3609872CB}.DebugCloud|Mixed Platforms.ActiveCfg = Debug|Any CPU
		{FD277901-413F-4064-8A38-57A3609872CB}.DebugCloud|Mixed Platforms.Build.0 = Debug|Any CPU
		{FD277901-413F-4064-8A38-57A3609872CB}.DebugCloud|x86.ActiveCfg = DebugCloud|Any CPU
		{FD277901-413F-4064-8A38-57A3609872CB}.Release|Any CPU.ActiveCfg = Release|Any CPU
		{FD277901-413F-4064-8A38-57A3609872CB}.Release|Any CPU.Build.0 = Release|Any CPU
		{FD277901-413F-4064-8A38-57A3609872CB}.Release|Mixed Platforms.ActiveCfg = Release|Any CPU
		{FD277901-413F-4064-8A38-57A3609872CB}.Release|Mixed Platforms.Build.0 = Release|Any CPU
		{FD277901-413F-4064-8A38-57A3609872CB}.Release|x86.ActiveCfg = Release|Any CPU
		{4818FCD2-1E75-4CEA-8B00-E5259E217BB8}.Debug|Any CPU.ActiveCfg = Debug|Any CPU
		{4818FCD2-1E75-4CEA-8B00-E5259E217BB8}.Debug|Any CPU.Build.0 = Debug|Any CPU
		{4818FCD2-1E75-4CEA-8B00-E5259E217BB8}.Debug|Mixed Platforms.ActiveCfg = Debug|Any CPU
		{4818FCD2-1E75-4CEA-8B00-E5259E217BB8}.Debug|Mixed Platforms.Build.0 = Debug|Any CPU
		{4818FCD2-1E75-4CEA-8B00-E5259E217BB8}.Debug|x86.ActiveCfg = Debug|Any CPU
		{4818FCD2-1E75-4CEA-8B00-E5259E217BB8}.DebugCloud|Any CPU.ActiveCfg = Debug|Any CPU
		{4818FCD2-1E75-4CEA-8B00-E5259E217BB8}.DebugCloud|Any CPU.Build.0 = Debug|Any CPU
		{4818FCD2-1E75-4CEA-8B00-E5259E217BB8}.DebugCloud|Mixed Platforms.ActiveCfg = Debug|Any CPU
		{4818FCD2-1E75-4CEA-8B00-E5259E217BB8}.DebugCloud|Mixed Platforms.Build.0 = Debug|Any CPU
		{4818FCD2-1E75-4CEA-8B00-E5259E217BB8}.DebugCloud|x86.ActiveCfg = Debug|Any CPU
		{4818FCD2-1E75-4CEA-8B00-E5259E217BB8}.Release|Any CPU.ActiveCfg = Release|Any CPU
		{4818FCD2-1E75-4CEA-8B00-E5259E217BB8}.Release|Any CPU.Build.0 = Release|Any CPU
		{4818FCD2-1E75-4CEA-8B00-E5259E217BB8}.Release|Mixed Platforms.ActiveCfg = Release|Any CPU
		{4818FCD2-1E75-4CEA-8B00-E5259E217BB8}.Release|Mixed Platforms.Build.0 = Release|Any CPU
		{4818FCD2-1E75-4CEA-8B00-E5259E217BB8}.Release|x86.ActiveCfg = Release|Any CPU
		{6D68DFA2-6271-4847-96FA-631AE49D2CCA}.Debug|Any CPU.ActiveCfg = Debug|Any CPU
		{6D68DFA2-6271-4847-96FA-631AE49D2CCA}.Debug|Any CPU.Build.0 = Debug|Any CPU
		{6D68DFA2-6271-4847-96FA-631AE49D2CCA}.Debug|Mixed Platforms.ActiveCfg = Debug|Any CPU
		{6D68DFA2-6271-4847-96FA-631AE49D2CCA}.Debug|Mixed Platforms.Build.0 = Debug|Any CPU
		{6D68DFA2-6271-4847-96FA-631AE49D2CCA}.Debug|x86.ActiveCfg = Debug|Any CPU
		{6D68DFA2-6271-4847-96FA-631AE49D2CCA}.DebugCloud|Any CPU.ActiveCfg = Debug|Any CPU
		{6D68DFA2-6271-4847-96FA-631AE49D2CCA}.DebugCloud|Any CPU.Build.0 = Debug|Any CPU
		{6D68DFA2-6271-4847-96FA-631AE49D2CCA}.DebugCloud|Mixed Platforms.ActiveCfg = Debug|Any CPU
		{6D68DFA2-6271-4847-96FA-631AE49D2CCA}.DebugCloud|Mixed Platforms.Build.0 = Debug|Any CPU
		{6D68DFA2-6271-4847-96FA-631AE49D2CCA}.DebugCloud|x86.ActiveCfg = Debug|Any CPU
		{6D68DFA2-6271-4847-96FA-631AE49D2CCA}.Release|Any CPU.ActiveCfg = Release|Any CPU
		{6D68DFA2-6271-4847-96FA-631AE49D2CCA}.Release|Any CPU.Build.0 = Release|Any CPU
		{6D68DFA2-6271-4847-96FA-631AE49D2CCA}.Release|Mixed Platforms.ActiveCfg = Release|Any CPU
		{6D68DFA2-6271-4847-96FA-631AE49D2CCA}.Release|Mixed Platforms.Build.0 = Release|Any CPU
		{6D68DFA2-6271-4847-96FA-631AE49D2CCA}.Release|x86.ActiveCfg = Release|Any CPU
	EndGlobalSection
	GlobalSection(SolutionProperties) = preSolution
		HideSolutionNode = FALSE
	EndGlobalSection
EndGlobal
